{
  "name": "@super-deals/shared",
  "version": "1.0.0",
  "lockfileVersion": 3,
  "requires": true,
  "packages": {
    "": {
      "name": "@super-deals/shared",
      "version": "1.0.0",
      "license": "ISC",
      "dependencies": {
        "ramda": "^0.30.1",
        "zod": "^3.23.8",
        "zod-form-data": "^2.0.2",
        "zod-to-json-schema": "^3.23.5"
      }
    },
    "node_modules/ramda": {
      "version": "0.30.1",
      "resolved": "https://registry.npmjs.org/ramda/-/ramda-0.30.1.tgz",
      "integrity": "sha512-tEF5I22zJnuclswcZMc8bDIrwRHRzf+NqVEmqg50ShAZMP7MWeR/RGDthfM/p+BlqvF2fXAzpn8i+SJcYD3alw==",
      "license": "MIT",
      "funding": {
        "type": "opencollective",
        "url": "https://opencollective.com/ramda"
      }
    },
    "node_modules/zod": {
      "version": "3.23.8",
      "resolved": "https://registry.npmjs.org/zod/-/zod-3.23.8.tgz",
      "integrity": "sha512-XBx9AXhXktjUqnepgTiE5flcKIYWi/rme0Eaj+5Y0lftuGBq+jyRu/md4WnuxqgP1ubdpNCsYEYPxrzVHD8d6g==",
      "license": "MIT",
      "funding": {
        "url": "https://github.com/sponsors/colinhacks"
      }
    },
    "node_modules/zod-form-data": {
      "version": "2.0.2",
      "resolved": "https://registry.npmjs.org/zod-form-data/-/zod-form-data-2.0.2.tgz",
      "integrity": "sha512-sKTi+k0fvkxdakD0V5rq+9WVJA3cuTQUfEmNqvHrTzPLvjfLmkkBLfR0ed3qOi9MScJXTHIDH/jUNnEJ3CBX4g==",
      "license": "MIT",
      "peerDependencies": {
        "zod": ">= 3.11.0"
      }
    },
    "node_modules/zod-to-json-schema": {
      "version": "3.23.5",
      "resolved": "https://registry.npmjs.org/zod-to-json-schema/-/zod-to-json-schema-3.23.5.tgz",
      "integrity": "sha512-5wlSS0bXfF/BrL4jPAbz9da5hDlDptdEppYfe+x4eIJ7jioqKG9uUxOwPzqof09u/XeVdrgFu29lZi+8XNDJtA==",
      "license": "ISC",
      "peerDependencies": {
        "zod": "^3.23.3"
      }
    }
  }
}
